
Microsoft Visual Studio Solution File, Format Version 12.00
# Visual Studio Version 17
VisualStudioVersion = 17.4.33213.308
MinimumVisualStudioVersion = 10.0.40219.1
Project("{FAE04EC0-301F-11D3-BF4B-00C04F79EFBC}") = "PlayerUI", "PlayerUI\PlayerUI.csproj", "{3D2529D1-EA2F-48F3-88BB-AFBC73E120F4}"
EndProject
Global
	GlobalSection(SolutionConfigurationPlatforms) = preSolution
		Debug|Any CPU = Debug|Any CPU
		Release|Any CPU = Release|Any CPU
	EndGlobalSection
	GlobalSection(ProjectConfigurationPlatforms) = postSolution
		{3D2529D1-EA2F-48F3-88BB-AFBC73E120F4}.Debug|Any CPU.ActiveCfg = Debug|Any CPU
		{3D2529D1-EA2F-48F3-88BB-AFBC73E120F4}.Debug|Any CPU.Build.0 = Debug|Any CPU
		{3D2529D1-EA2F-48F3-88BB-AFBC73E120F4}.Release|Any CPU.ActiveCfg = Release|Any CPU
		{3D2529D1-EA2F-48F3-88BB-AFBC73E120F4}.Release|Any CPU.Build.0 = Release|Any CPU
	EndGlobalSection
	GlobalSection(SolutionProperties) = preSolution
		HideSolutionNode = FALSE
	EndGlobalSection
	GlobalSection(ExtensibilityGlobals) = postSolution
		SolutionGuid = {6DBD8DBE-6BB5-4C8A-92F1-E1E1436F27C3}
	EndGlobalSection
EndGlobal
